{
  "version": 4,
  "terraform_version": "1.12.2",
  "serial": 32,
  "lineage": "b7ea870a-1253-a4b2-3355-1b354eddad28",
  "outputs": {
    "vm_details": {
      "value": {
        "r-01": {
          "name": "r-01",
          "private_ip": "10.170.0.6",
          "public_ip": "35.215.186.194",
          "status": "RUNNING"
        },
        "t-01": {
          "name": "t-01",
          "private_ip": "10.170.0.5",
          "public_ip": "35.215.156.84",
          "status": "RUNNING"
        }
      },
      "type": [
        "object",
        {
          "r-01": [
            "object",
            {
              "name": "string",
              "private_ip": "string",
              "public_ip": "string",
              "status": "string"
            }
          ],
          "t-01": [
            "object",
            {
              "name": "string",
              "private_ip": "string",
              "public_ip": "string",
              "status": "string"
            }
          ]
        }
      ]
    }
  },
  "resources": [
    {
      "mode": "managed",
      "type": "google_compute_address",
      "name": "vm_static_ip",
      "provider": "provider[\"registry.terraform.io/hashicorp/google\"]",
      "instances": [
        {
          "index_key": "r-01",
          "schema_version": 0,
          "attributes": {
            "address": "35.215.186.194",
            "address_type": "EXTERNAL",
            "creation_timestamp": "2025-07-03T03:56:39.347-07:00",
            "description": "",
            "effective_labels": {},
            "id": "projects/midyear-tempo-464707-q5/regions/asia-east2/addresses/r-01",
            "ip_version": "",
            "ipv6_endpoint_type": "",
            "label_fingerprint": "42WmSpB8rSM=",
            "labels": null,
            "name": "r-01",
            "network": "",
            "network_tier": "STANDARD",
            "prefix_length": 0,
            "project": "midyear-tempo-464707-q5",
            "purpose": "",
            "region": "asia-east2",
            "self_link": "https://www.googleapis.com/compute/v1/projects/midyear-tempo-464707-q5/regions/asia-east2/addresses/r-01",
            "subnetwork": "",
            "terraform_labels": {},
            "timeouts": null,
            "users": []
          },
          "sensitive_attributes": [],
          "identity_schema_version": 0,
          "private": "eyJlMmJmYjczMC1lY2FhLTExZTYtOGY4OC0zNDM2M2JjN2M0YzAiOnsiY3JlYXRlIjoxMjAwMDAwMDAwMDAwLCJkZWxldGUiOjEyMDAwMDAwMDAwMDAsInVwZGF0ZSI6MTIwMDAwMDAwMDAwMH19"
        },
        {
          "index_key": "t-01",
          "schema_version": 0,
          "attributes": {
            "address": "35.215.156.84",
            "address_type": "EXTERNAL",
            "creation_timestamp": "2025-07-03T03:56:39.244-07:00",
            "description": "",
            "effective_labels": {},
            "id": "projects/midyear-tempo-464707-q5/regions/asia-east2/addresses/t-01",
            "ip_version": "",
            "ipv6_endpoint_type": "",
            "label_fingerprint": "42WmSpB8rSM=",
            "labels": null,
            "name": "t-01",
            "network": "",
            "network_tier": "STANDARD",
            "prefix_length": 0,
            "project": "midyear-tempo-464707-q5",
            "purpose": "",
            "region": "asia-east2",
            "self_link": "https://www.googleapis.com/compute/v1/projects/midyear-tempo-464707-q5/regions/asia-east2/addresses/t-01",
            "subnetwork": "",
            "terraform_labels": {},
            "timeouts": null,
            "users": []
          },
          "sensitive_attributes": [],
          "identity_schema_version": 0,
          "private": "eyJlMmJmYjczMC1lY2FhLTExZTYtOGY4OC0zNDM2M2JjN2M0YzAiOnsiY3JlYXRlIjoxMjAwMDAwMDAwMDAwLCJkZWxldGUiOjEyMDAwMDAwMDAwMDAsInVwZGF0ZSI6MTIwMDAwMDAwMDAwMH19"
        }
      ]
    },
    {
      "mode": "managed",
      "type": "google_compute_instance",
      "name": "default",
      "provider": "provider[\"registry.terraform.io/hashicorp/google\"]",
      "instances": [
        {
          "index_key": "r-01",
          "schema_version": 6,
          "attributes": {
            "advanced_machine_features": [],
            "allow_stopping_for_update": null,
            "attached_disk": [],
            "boot_disk": [
              {
                "auto_delete": true,
                "device_name": "persistent-disk-0",
                "disk_encryption_key_raw": "",
                "disk_encryption_key_sha256": "",
                "initialize_params": [
                  {
                    "enable_confidential_compute": false,
                    "image": "https://www.googleapis.com/compute/v1/projects/ubuntu-os-cloud/global/images/ubuntu-2204-jammy-v20250701",
                    "labels": {},
                    "provisioned_iops": 0,
                    "provisioned_throughput": 0,
                    "resource_manager_tags": null,
                    "size": 40,
                    "storage_pool": "",
                    "type": "pd-standard"
                  }
                ],
                "kms_key_self_link": "",
                "mode": "READ_WRITE",
                "source": "https://www.googleapis.com/compute/v1/projects/midyear-tempo-464707-q5/zones/asia-east2-c/disks/r-01"
              }
            ],
            "can_ip_forward": false,
            "confidential_instance_config": [],
            "cpu_platform": "Intel Skylake",
            "current_status": "RUNNING",
            "deletion_protection": false,
            "description": "",
            "desired_status": "RUNNING",
            "effective_labels": {},
            "enable_display": false,
            "guest_accelerator": [],
            "hostname": "",
            "id": "projects/midyear-tempo-464707-q5/zones/asia-east2-c/instances/r-01",
            "instance_id": "1424567009345789722",
            "label_fingerprint": "42WmSpB8rSM=",
            "labels": null,
            "machine_type": "custom-2-4096",
            "metadata": null,
            "metadata_fingerprint": "gK_S9i4p4_0=",
            "metadata_startup_script": null,
            "min_cpu_platform": "",
            "name": "r-01",
            "network_interface": [
              {
                "access_config": [
                  {
                    "nat_ip": "35.215.186.194",
                    "network_tier": "STANDARD",
                    "public_ptr_domain_name": ""
                  }
                ],
                "alias_ip_range": [],
                "internal_ipv6_prefix_length": 0,
                "ipv6_access_config": [],
                "ipv6_access_type": "",
                "ipv6_address": "",
                "name": "nic0",
                "network": "https://www.googleapis.com/compute/v1/projects/midyear-tempo-464707-q5/global/networks/default",
                "network_ip": "10.170.0.6",
                "nic_type": "",
                "queue_count": 0,
                "stack_type": "IPV4_ONLY",
                "subnetwork": "https://www.googleapis.com/compute/v1/projects/midyear-tempo-464707-q5/regions/asia-east2/subnetworks/default",
                "subnetwork_project": "midyear-tempo-464707-q5"
              }
            ],
            "network_performance_config": [],
            "params": [],
            "project": "midyear-tempo-464707-q5",
            "reservation_affinity": [],
            "resource_policies": null,
            "scheduling": [
              {
                "automatic_restart": true,
                "instance_termination_action": "",
                "local_ssd_recovery_timeout": [],
                "max_run_duration": [],
                "min_node_cpus": 0,
                "node_affinities": [],
                "on_host_maintenance": "MIGRATE",
                "on_instance_stop_action": [],
                "preemptible": false,
                "provisioning_model": "STANDARD"
              }
            ],
            "scratch_disk": [],
            "self_link": "https://www.googleapis.com/compute/v1/projects/midyear-tempo-464707-q5/zones/asia-east2-c/instances/r-01",
            "service_account": [],
            "shielded_instance_config": [
              {
                "enable_integrity_monitoring": true,
                "enable_secure_boot": false,
                "enable_vtpm": true
              }
            ],
            "tags": null,
            "tags_fingerprint": "42WmSpB8rSM=",
            "terraform_labels": {},
            "timeouts": null,
            "zone": "asia-east2-c"
          },
          "sensitive_attributes": [
            [
              {
                "type": "get_attr",
                "value": "boot_disk"
              },
              {
                "type": "index",
                "value": {
                  "value": 0,
                  "type": "number"
                }
              },
              {
                "type": "get_attr",
                "value": "disk_encryption_key_raw"
              }
            ]
          ],
          "identity_schema_version": 0,
          "private": "eyJlMmJmYjczMC1lY2FhLTExZTYtOGY4OC0zNDM2M2JjN2M0YzAiOnsiY3JlYXRlIjoxMjAwMDAwMDAwMDAwLCJkZWxldGUiOjEyMDAwMDAwMDAwMDAsInVwZGF0ZSI6MTIwMDAwMDAwMDAwMH0sInNjaGVtYV92ZXJzaW9uIjoiNiJ9",
          "dependencies": [
            "google_compute_address.vm_static_ip"
          ]
        },
        {
          "index_key": "t-01",
          "schema_version": 6,
          "attributes": {
            "advanced_machine_features": [],
            "allow_stopping_for_update": null,
            "attached_disk": [],
            "boot_disk": [
              {
                "auto_delete": true,
                "device_name": "persistent-disk-0",
                "disk_encryption_key_raw": "",
                "disk_encryption_key_sha256": "",
                "initialize_params": [
                  {
                    "enable_confidential_compute": false,
                    "image": "https://www.googleapis.com/compute/v1/projects/ubuntu-os-cloud/global/images/ubuntu-2204-jammy-v20250701",
                    "labels": {},
                    "provisioned_iops": 0,
                    "provisioned_throughput": 0,
                    "resource_manager_tags": null,
                    "size": 40,
                    "storage_pool": "",
                    "type": "pd-standard"
                  }
                ],
                "kms_key_self_link": "",
                "mode": "READ_WRITE",
                "source": "https://www.googleapis.com/compute/v1/projects/midyear-tempo-464707-q5/zones/asia-east2-c/disks/t-01"
              }
            ],
            "can_ip_forward": false,
            "confidential_instance_config": [],
            "cpu_platform": "Intel Skylake",
            "current_status": "RUNNING",
            "deletion_protection": false,
            "description": "",
            "desired_status": "RUNNING",
            "effective_labels": {},
            "enable_display": false,
            "guest_accelerator": [],
            "hostname": "",
            "id": "projects/midyear-tempo-464707-q5/zones/asia-east2-c/instances/t-01",
            "instance_id": "6966230669899587355",
            "label_fingerprint": "42WmSpB8rSM=",
            "labels": null,
            "machine_type": "custom-2-4096",
            "metadata": null,
            "metadata_fingerprint": "gK_S9i4p4_0=",
            "metadata_startup_script": null,
            "min_cpu_platform": "",
            "name": "t-01",
            "network_interface": [
              {
                "access_config": [
                  {
                    "nat_ip": "35.215.156.84",
                    "network_tier": "STANDARD",
                    "public_ptr_domain_name": ""
                  }
                ],
                "alias_ip_range": [],
                "internal_ipv6_prefix_length": 0,
                "ipv6_access_config": [],
                "ipv6_access_type": "",
                "ipv6_address": "",
                "name": "nic0",
                "network": "https://www.googleapis.com/compute/v1/projects/midyear-tempo-464707-q5/global/networks/default",
                "network_ip": "10.170.0.5",
                "nic_type": "",
                "queue_count": 0,
                "stack_type": "IPV4_ONLY",
                "subnetwork": "https://www.googleapis.com/compute/v1/projects/midyear-tempo-464707-q5/regions/asia-east2/subnetworks/default",
                "subnetwork_project": "midyear-tempo-464707-q5"
              }
            ],
            "network_performance_config": [],
            "params": [],
            "project": "midyear-tempo-464707-q5",
            "reservation_affinity": [],
            "resource_policies": null,
            "scheduling": [
              {
                "automatic_restart": true,
                "instance_termination_action": "",
                "local_ssd_recovery_timeout": [],
                "max_run_duration": [],
                "min_node_cpus": 0,
                "node_affinities": [],
                "on_host_maintenance": "MIGRATE",
                "on_instance_stop_action": [],
                "preemptible": false,
                "provisioning_model": "STANDARD"
              }
            ],
            "scratch_disk": [],
            "self_link": "https://www.googleapis.com/compute/v1/projects/midyear-tempo-464707-q5/zones/asia-east2-c/instances/t-01",
            "service_account": [],
            "shielded_instance_config": [
              {
                "enable_integrity_monitoring": true,
                "enable_secure_boot": false,
                "enable_vtpm": true
              }
            ],
            "tags": null,
            "tags_fingerprint": "42WmSpB8rSM=",
            "terraform_labels": {},
            "timeouts": null,
            "zone": "asia-east2-c"
          },
          "sensitive_attributes": [
            [
              {
                "type": "get_attr",
                "value": "boot_disk"
              },
              {
                "type": "index",
                "value": {
                  "value": 0,
                  "type": "number"
                }
              },
              {
                "type": "get_attr",
                "value": "disk_encryption_key_raw"
              }
            ]
          ],
          "identity_schema_version": 0,
          "private": "eyJlMmJmYjczMC1lY2FhLTExZTYtOGY4OC0zNDM2M2JjN2M0YzAiOnsiY3JlYXRlIjoxMjAwMDAwMDAwMDAwLCJkZWxldGUiOjEyMDAwMDAwMDAwMDAsInVwZGF0ZSI6MTIwMDAwMDAwMDAwMH0sInNjaGVtYV92ZXJzaW9uIjoiNiJ9",
          "dependencies": [
            "google_compute_address.vm_static_ip"
          ]
        }
      ]
    }
  ],
  "check_results": [
    {
      "object_kind": "var",
      "config_addr": "var.custom_vcpus",
      "status": "pass",
      "objects": [
        {
          "object_addr": "var.custom_vcpus",
          "status": "pass"
        }
      ]
    },
    {
      "object_kind": "var",
      "config_addr": "var.custom_memory_gb",
      "status": "pass",
      "objects": [
        {
          "object_addr": "var.custom_memory_gb",
          "status": "pass"
        }
      ]
    },
    {
      "object_kind": "var",
      "config_addr": "var.vm_desired_status",
      "status": "pass",
      "objects": [
        {
          "object_addr": "var.vm_desired_status",
          "status": "pass"
        }
      ]
    }
  ]
}
